
Microsoft Visual Studio Solution File, Format Version 12.00
# Visual Studio Version 17
VisualStudioVersion = 17.0.31903.59
MinimumVisualStudioVersion = 10.0.40219.1
Project("{FAE04EC0-301F-11D3-BF4B-00C04F79EFBC}") = "StoreApp", "StoreApp\StoreApp.csproj", "{5A4925BB-28D7-4124-90DA-A343170E741B}"
EndProject
Project("{FAE04EC0-301F-11D3-BF4B-00C04F79EFBC}") = "Entities", "Entities\Entities.csproj", "{6F2512D9-DC04-41B1-9C70-9FF48C696764}"
EndProject
Project("{FAE04EC0-301F-11D3-BF4B-00C04F79EFBC}") = "Repositories", "Repositories\Repositories.csproj", "{EF462F02-D3B8-4646-9F29-A9AAB1F70F1F}"
EndProject
Project("{FAE04EC0-301F-11D3-BF4B-00C04F79EFBC}") = "Services", "Services\Services.csproj", "{4069DD7C-12BE-4BD6-B30B-C8116682895E}"
EndProject
Global
	GlobalSection(SolutionConfigurationPlatforms) = preSolution
		Debug|Any CPU = Debug|Any CPU
		Release|Any CPU = Release|Any CPU
	EndGlobalSection
	GlobalSection(SolutionProperties) = preSolution
		HideSolutionNode = FALSE
	EndGlobalSection
	GlobalSection(ProjectConfigurationPlatforms) = postSolution
		{5A4925BB-28D7-4124-90DA-A343170E741B}.Debug|Any CPU.ActiveCfg = Debug|Any CPU
		{5A4925BB-28D7-4124-90DA-A343170E741B}.Debug|Any CPU.Build.0 = Debug|Any CPU
		{5A4925BB-28D7-4124-90DA-A343170E741B}.Release|Any CPU.ActiveCfg = Release|Any CPU
		{5A4925BB-28D7-4124-90DA-A343170E741B}.Release|Any CPU.Build.0 = Release|Any CPU
		{6F2512D9-DC04-41B1-9C70-9FF48C696764}.Debug|Any CPU.ActiveCfg = Debug|Any CPU
		{6F2512D9-DC04-41B1-9C70-9FF48C696764}.Debug|Any CPU.Build.0 = Debug|Any CPU
		{6F2512D9-DC04-41B1-9C70-9FF48C696764}.Release|Any CPU.ActiveCfg = Release|Any CPU
		{6F2512D9-DC04-41B1-9C70-9FF48C696764}.Release|Any CPU.Build.0 = Release|Any CPU
		{EF462F02-D3B8-4646-9F29-A9AAB1F70F1F}.Debug|Any CPU.ActiveCfg = Debug|Any CPU
		{EF462F02-D3B8-4646-9F29-A9AAB1F70F1F}.Debug|Any CPU.Build.0 = Debug|Any CPU
		{EF462F02-D3B8-4646-9F29-A9AAB1F70F1F}.Release|Any CPU.ActiveCfg = Release|Any CPU
		{EF462F02-D3B8-4646-9F29-A9AAB1F70F1F}.Release|Any CPU.Build.0 = Release|Any CPU
		{4069DD7C-12BE-4BD6-B30B-C8116682895E}.Debug|Any CPU.ActiveCfg = Debug|Any CPU
		{4069DD7C-12BE-4BD6-B30B-C8116682895E}.Debug|Any CPU.Build.0 = Debug|Any CPU
		{4069DD7C-12BE-4BD6-B30B-C8116682895E}.Release|Any CPU.ActiveCfg = Release|Any CPU
		{4069DD7C-12BE-4BD6-B30B-C8116682895E}.Release|Any CPU.Build.0 = Release|Any CPU
	EndGlobalSection
EndGlobal
