
Microsoft Visual Studio Solution File, Format Version 12.00
# Visual Studio Version 17
VisualStudioVersion = 17.5.33414.496
MinimumVisualStudioVersion = 10.0.40219.1
Project("{9A19103F-16F7-4668-BE54-9A1E7A4F7556}") = "Basics", "Basics.csproj", "{5C6F06E6-9CDE-41AD-B194-80A6282CD983}"
EndProject
Global
	GlobalSection(SolutionConfigurationPlatforms) = preSolution
		Debug|Any CPU = Debug|Any CPU
		Release|Any CPU = Release|Any CPU
	EndGlobalSection
	GlobalSection(ProjectConfigurationPlatforms) = postSolution
		{5C6F06E6-9CDE-41AD-B194-80A6282CD983}.Debug|Any CPU.ActiveCfg = Debug|Any CPU
		{5C6F06E6-9CDE-41AD-B194-80A6282CD983}.Debug|Any CPU.Build.0 = Debug|Any CPU
		{5C6F06E6-9CDE-41AD-B194-80A6282CD983}.Release|Any CPU.ActiveCfg = Release|Any CPU
		{5C6F06E6-9CDE-41AD-B194-80A6282CD983}.Release|Any CPU.Build.0 = Release|Any CPU
	EndGlobalSection
	GlobalSection(SolutionProperties) = preSolution
		HideSolutionNode = FALSE
	EndGlobalSection
	GlobalSection(ExtensibilityGlobals) = postSolution
		SolutionGuid = {5BB98A99-0503-4441-BA9F-B4B9034C99D1}
	EndGlobalSection
EndGlobal
